
Microsoft Visual Studio Solution File, Format Version 12.00
# Visual Studio Version 16
VisualStudioVersion = 16.0.31025.218
MinimumVisualStudioVersion = 10.0.40219.1
Project("{9A19103F-16F7-4668-BE54-9A1E7A4F7556}") = "ScrumRandomizerServer", "ScrumRandomizerServer.csproj", "{D36707ED-7C27-4ED5-BEC1-BD18E27E32CF}"
EndProject
Project("{9A19103F-16F7-4668-BE54-9A1E7A4F7556}") = "ScrumRandomizerServer.Core", "..\ScrumRandomizerServer.Core\ScrumRandomizerServer.Core.csproj", "{4CB780CF-ED31-47BF-9A80-5F4706230413}"
EndProject
Project("{FAE04EC0-301F-11D3-BF4B-00C04F79EFBC}") = "ScrumRandomizerServer.Data", "..\ScrumRandomizerServer.Data\ScrumRandomizerServer.Data.csproj", "{D81A926D-3837-4A09-902C-086C57356031}"
EndProject
Global
	GlobalSection(SolutionConfigurationPlatforms) = preSolution
		Debug|Any CPU = Debug|Any CPU
		Release|Any CPU = Release|Any CPU
	EndGlobalSection
	GlobalSection(ProjectConfigurationPlatforms) = postSolution
		{D36707ED-7C27-4ED5-BEC1-BD18E27E32CF}.Debug|Any CPU.ActiveCfg = Debug|Any CPU
		{D36707ED-7C27-4ED5-BEC1-BD18E27E32CF}.Debug|Any CPU.Build.0 = Debug|Any CPU
		{D36707ED-7C27-4ED5-BEC1-BD18E27E32CF}.Release|Any CPU.ActiveCfg = Release|Any CPU
		{D36707ED-7C27-4ED5-BEC1-BD18E27E32CF}.Release|Any CPU.Build.0 = Release|Any CPU
		{4CB780CF-ED31-47BF-9A80-5F4706230413}.Debug|Any CPU.ActiveCfg = Debug|Any CPU
		{4CB780CF-ED31-47BF-9A80-5F4706230413}.Debug|Any CPU.Build.0 = Debug|Any CPU
		{4CB780CF-ED31-47BF-9A80-5F4706230413}.Release|Any CPU.ActiveCfg = Release|Any CPU
		{4CB780CF-ED31-47BF-9A80-5F4706230413}.Release|Any CPU.Build.0 = Release|Any CPU
		{D81A926D-3837-4A09-902C-086C57356031}.Debug|Any CPU.ActiveCfg = Debug|Any CPU
		{D81A926D-3837-4A09-902C-086C57356031}.Debug|Any CPU.Build.0 = Debug|Any CPU
		{D81A926D-3837-4A09-902C-086C57356031}.Release|Any CPU.ActiveCfg = Release|Any CPU
		{D81A926D-3837-4A09-902C-086C57356031}.Release|Any CPU.Build.0 = Release|Any CPU
	EndGlobalSection
	GlobalSection(SolutionProperties) = preSolution
		HideSolutionNode = FALSE
	EndGlobalSection
	GlobalSection(ExtensibilityGlobals) = postSolution
		SolutionGuid = {6AE7F687-1E70-4F65-997C-1947DFE18E11}
	EndGlobalSection
EndGlobal
